
Microsoft Visual Studio Solution File, Format Version 12.00
# Visual Studio Version 18
VisualStudioVersion = 18.4.11519.219 insiders
MinimumVisualStudioVersion = 10.0.40219.1
Project("{FAE04EC0-301F-11D3-BF4B-00C04F79EFBC}") = "ECommerceAPIs", "ECommerceAPIs.csproj", "{0E7D311C-69E5-5A9D-C71A-962E465E0634}"
EndProject
Project("{2150E333-8FDC-42A3-9474-1A3956D46DE8}") = "APIs", "APIs", "{5367945B-FCDC-43F5-B5F8-1922676461F3}"
EndProject
Global
	GlobalSection(SolutionConfigurationPlatforms) = preSolution
		Debug|Any CPU = Debug|Any CPU
		Release|Any CPU = Release|Any CPU
	EndGlobalSection
	GlobalSection(ProjectConfigurationPlatforms) = postSolution
		{0E7D311C-69E5-5A9D-C71A-962E465E0634}.Debug|Any CPU.ActiveCfg = Debug|Any CPU
		{0E7D311C-69E5-5A9D-C71A-962E465E0634}.Debug|Any CPU.Build.0 = Debug|Any CPU
		{0E7D311C-69E5-5A9D-C71A-962E465E0634}.Release|Any CPU.ActiveCfg = Release|Any CPU
		{0E7D311C-69E5-5A9D-C71A-962E465E0634}.Release|Any CPU.Build.0 = Release|Any CPU
	EndGlobalSection
	GlobalSection(SolutionProperties) = preSolution
		HideSolutionNode = FALSE
	EndGlobalSection
	GlobalSection(NestedProjects) = preSolution
		{0E7D311C-69E5-5A9D-C71A-962E465E0634} = {5367945B-FCDC-43F5-B5F8-1922676461F3}
	EndGlobalSection
	GlobalSection(ExtensibilityGlobals) = postSolution
		SolutionGuid = {191F58FD-84C1-4605-A8AD-DA04BFAD5BF9}
	EndGlobalSection
EndGlobal
